
Microsoft Visual Studio Solution File, Format Version 12.00
# Visual Studio Version 16
VisualStudioVersion = 16.0.31410.357
MinimumVisualStudioVersion = 10.0.40219.1
Project("{FAE04EC0-301F-11D3-BF4B-00C04F79EFBC}") = "SchoolEntities", "SchoolEntities\SchoolEntities.csproj", "{EEBE2430-2D29-4154-BC99-5700D780D2D1}"
EndProject
Project("{FAE04EC0-301F-11D3-BF4B-00C04F79EFBC}") = "SchoolDAL", "SchoolDAL\SchoolDAL.csproj", "{F8D2F1B5-1988-42C8-8AEB-378A0421CC2B}"
EndProject
Project("{FAE04EC0-301F-11D3-BF4B-00C04F79EFBC}") = "SchoolBLL", "SchoolBLL\SchoolBLL.csproj", "{2CC893AC-BD85-4672-B678-7A90B5723036}"
EndProject
Project("{FAE04EC0-301F-11D3-BF4B-00C04F79EFBC}") = "SchoolWEB", "SchoolWEB\SchoolWEB.csproj", "{5D1651BB-E099-4BC0-B6C7-6F232CCDE4AA}"
EndProject
Global
	GlobalSection(SolutionConfigurationPlatforms) = preSolution
		Debug|Any CPU = Debug|Any CPU
		Release|Any CPU = Release|Any CPU
	EndGlobalSection
	GlobalSection(ProjectConfigurationPlatforms) = postSolution
		{EEBE2430-2D29-4154-BC99-5700D780D2D1}.Debug|Any CPU.ActiveCfg = Debug|Any CPU
		{EEBE2430-2D29-4154-BC99-5700D780D2D1}.Debug|Any CPU.Build.0 = Debug|Any CPU
		{EEBE2430-2D29-4154-BC99-5700D780D2D1}.Release|Any CPU.ActiveCfg = Release|Any CPU
		{EEBE2430-2D29-4154-BC99-5700D780D2D1}.Release|Any CPU.Build.0 = Release|Any CPU
		{F8D2F1B5-1988-42C8-8AEB-378A0421CC2B}.Debug|Any CPU.ActiveCfg = Debug|Any CPU
		{F8D2F1B5-1988-42C8-8AEB-378A0421CC2B}.Debug|Any CPU.Build.0 = Debug|Any CPU
		{F8D2F1B5-1988-42C8-8AEB-378A0421CC2B}.Release|Any CPU.ActiveCfg = Release|Any CPU
		{F8D2F1B5-1988-42C8-8AEB-378A0421CC2B}.Release|Any CPU.Build.0 = Release|Any CPU
		{2CC893AC-BD85-4672-B678-7A90B5723036}.Debug|Any CPU.ActiveCfg = Debug|Any CPU
		{2CC893AC-BD85-4672-B678-7A90B5723036}.Debug|Any CPU.Build.0 = Debug|Any CPU
		{2CC893AC-BD85-4672-B678-7A90B5723036}.Release|Any CPU.ActiveCfg = Release|Any CPU
		{2CC893AC-BD85-4672-B678-7A90B5723036}.Release|Any CPU.Build.0 = Release|Any CPU
		{5D1651BB-E099-4BC0-B6C7-6F232CCDE4AA}.Debug|Any CPU.ActiveCfg = Debug|Any CPU
		{5D1651BB-E099-4BC0-B6C7-6F232CCDE4AA}.Debug|Any CPU.Build.0 = Debug|Any CPU
		{5D1651BB-E099-4BC0-B6C7-6F232CCDE4AA}.Release|Any CPU.ActiveCfg = Release|Any CPU
		{5D1651BB-E099-4BC0-B6C7-6F232CCDE4AA}.Release|Any CPU.Build.0 = Release|Any CPU
	EndGlobalSection
	GlobalSection(SolutionProperties) = preSolution
		HideSolutionNode = FALSE
	EndGlobalSection
	GlobalSection(ExtensibilityGlobals) = postSolution
		SolutionGuid = {A3E11F7D-B306-4051-BFD2-67B6B6150B98}
	EndGlobalSection
EndGlobal
