
Microsoft Visual Studio Solution File, Format Version 12.00
# Visual Studio Version 17
VisualStudioVersion = 17.0.31903.59
MinimumVisualStudioVersion = 10.0.40219.1
Project("{FAE04EC0-301F-11D3-BF4B-00C04F79EFBC}") = "lab13", "lab13.csproj", "{87437036-213D-4F96-AAF4-320E1C189C40}"
EndProject
Global
	GlobalSection(SolutionConfigurationPlatforms) = preSolution
		Debug|Any CPU = Debug|Any CPU
		Release|Any CPU = Release|Any CPU
	EndGlobalSection
	GlobalSection(ProjectConfigurationPlatforms) = postSolution
		{87437036-213D-4F96-AAF4-320E1C189C40}.Debug|Any CPU.ActiveCfg = Debug|Any CPU
		{87437036-213D-4F96-AAF4-320E1C189C40}.Debug|Any CPU.Build.0 = Debug|Any CPU
		{87437036-213D-4F96-AAF4-320E1C189C40}.Release|Any CPU.ActiveCfg = Release|Any CPU
		{87437036-213D-4F96-AAF4-320E1C189C40}.Release|Any CPU.Build.0 = Release|Any CPU
	EndGlobalSection
	GlobalSection(SolutionProperties) = preSolution
		HideSolutionNode = FALSE
	EndGlobalSection
	GlobalSection(ExtensibilityGlobals) = postSolution
		SolutionGuid = {2C4D2A87-55BC-4F40-8E71-5DD7B5F1B1D3}
	EndGlobalSection
EndGlobal
